
Microsoft Visual Studio Solution File, Format Version 12.00
# Visual Studio Version 16
VisualStudioVersion = 16.0.29020.237
MinimumVisualStudioVersion = 10.0.40219.1
Project("{8BC9CEB8-8B4A-11D0-8D11-00A0C91BC942}") = "DPP_RTS", "DPP_RTS.vcxproj", "{0F3E7488-53B3-4121-98A3-0571218E6872}"
EndProject
Global
	GlobalSection(SolutionConfigurationPlatforms) = preSolution
		Debug|x64 = Debug|x64
		Debug|x86 = Debug|x86
		Release|x64 = Release|x64
		Release|x86 = Release|x86
	EndGlobalSection
	GlobalSection(ProjectConfigurationPlatforms) = postSolution
		{0F3E7488-53B3-4121-98A3-0571218E6872}.Debug|x64.ActiveCfg = Debug|x64
		{0F3E7488-53B3-4121-98A3-0571218E6872}.Debug|x64.Build.0 = Debug|x64
		{0F3E7488-53B3-4121-98A3-0571218E6872}.Debug|x86.ActiveCfg = Debug|Win32
		{0F3E7488-53B3-4121-98A3-0571218E6872}.Debug|x86.Build.0 = Debug|Win32
		{0F3E7488-53B3-4121-98A3-0571218E6872}.Release|x64.ActiveCfg = Release|x64
		{0F3E7488-53B3-4121-98A3-0571218E6872}.Release|x64.Build.0 = Release|x64
		{0F3E7488-53B3-4121-98A3-0571218E6872}.Release|x86.ActiveCfg = Release|Win32
		{0F3E7488-53B3-4121-98A3-0571218E6872}.Release|x86.Build.0 = Release|Win32
	EndGlobalSection
	GlobalSection(SolutionProperties) = preSolution
		HideSolutionNode = FALSE
	EndGlobalSection
	GlobalSection(ExtensibilityGlobals) = postSolution
		SolutionGuid = {7757E6E2-A649-47D4-A244-E46C4006C9D3}
	EndGlobalSection
EndGlobal
